// !$*UTF8*$!
{
	archiveVersion = 1;
	classes = {
	};
	objectVersion = 51;
	objects = {

/* Begin PBXBuildFile section */
		2086D6A026340CBD00F98E4A /* AppDelegate.swift in Sources */ = {isa = PBXBuildFile; fileRef = 2086D69F26340CBD00F98E4A /* AppDelegate.swift */; };
		2086D6A226340CBD00F98E4A /* SceneDelegate.swift in Sources */ = {isa = PBXBuildFile; fileRef = 2086D6A126340CBD00F98E4A /* SceneDelegate.swift */; };
		2086D6A726340CBD00F98E4A /* Main.storyboard in Resources */ = {isa = PBXBuildFile; fileRef = 2086D6A526340CBD00F98E4A /* Main.storyboard */; };
		2086D6A926340CBF00F98E4A /* Assets.xcassets in Resources */ = {isa = PBXBuildFile; fileRef = 2086D6A826340CBF00F98E4A /* Assets.xcassets */; };
		2086D6AC26340CBF00F98E4A /* LaunchScreen.storyboard in Resources */ = {isa = PBXBuildFile; fileRef = 2086D6AA26340CBF00F98E4A /* LaunchScreen.storyboard */; };
		20C06BC626342A3200EC7BCE /* ExploreViewController.swift in Sources */ = {isa = PBXBuildFile; fileRef = 20C06BC526342A3200EC7BCE /* ExploreViewController.swift */; };
		20C06BC926342EF100EC7BCE /* SubscriptionsViewController.swift in Sources */ = {isa = PBXBuildFile; fileRef = 20C06BC826342EF100EC7BCE /* SubscriptionsViewController.swift */; };
		20C06BCC263433FE00EC7BCE /* HomeTabViewController.swift in Sources */ = {isa = PBXBuildFile; fileRef = 20C06BCB263433FE00EC7BCE /* HomeTabViewController.swift */; };
		F3059687AF4B326FC77D00F3 /* Pods_YT_Private_Subscriptions.framework in Frameworks */ = {isa = PBXBuildFile; fileRef = 048E7AE56905C6E0798DCE9D /* Pods_YT_Private_Subscriptions.framework */; };
/* End PBXBuildFile section */

/* Begin PBXFileReference section */
		048E7AE56905C6E0798DCE9D /* Pods_YT_Private_Subscriptions.framework */ = {isa = PBXFileReference; explicitFileType = wrapper.framework; includeInIndex = 0; path = Pods_YT_Private_Subscriptions.framework; sourceTree = BUILT_PRODUCTS_DIR; };
		2086D69C26340CBD00F98E4A /* YT Private Subscriptions.app */ = {isa = PBXFileReference; explicitFileType = wrapper.application; includeInIndex = 0; path = "YT Private Subscriptions.app"; sourceTree = BUILT_PRODUCTS_DIR; };
		2086D69F26340CBD00F98E4A /* AppDelegate.swift */ = {isa = PBXFileReference; lastKnownFileType = sourcecode.swift; path = AppDelegate.swift; sourceTree = "<group>"; };
		2086D6A126340CBD00F98E4A /* SceneDelegate.swift */ = {isa = PBXFileReference; lastKnownFileType = sourcecode.swift; path = SceneDelegate.swift; sourceTree = "<group>"; };
		2086D6A626340CBD00F98E4A /* Base */ = {isa = PBXFileReference; lastKnownFileType = file.storyboard; name = Base; path = Base.lproj/Main.storyboard; sourceTree = "<group>"; };
		2086D6A826340CBF00F98E4A /* Assets.xcassets */ = {isa = PBXFileReference; lastKnownFileType = folder.assetcatalog; path = Assets.xcassets; sourceTree = "<group>"; };
		2086D6AB26340CBF00F98E4A /* Base */ = {isa = PBXFileReference; lastKnownFileType = file.storyboard; name = Base; path = Base.lproj/LaunchScreen.storyboard; sourceTree = "<group>"; };
		2086D6AD26340CBF00F98E4A /* Info.plist */ = {isa = PBXFileReference; lastKnownFileType = text.plist.xml; path = Info.plist; sourceTree = "<group>"; };
		20C06BC526342A3200EC7BCE /* ExploreViewController.swift */ = {isa = PBXFileReference; lastKnownFileType = sourcecode.swift; path = ExploreViewController.swift; sourceTree = "<group>"; };
		20C06BC826342EF100EC7BCE /* SubscriptionsViewController.swift */ = {isa = PBXFileReference; lastKnownFileType = sourcecode.swift; path = SubscriptionsViewController.swift; sourceTree = "<group>"; };
		20C06BCB263433FE00EC7BCE /* HomeTabViewController.swift */ = {isa = PBXFileReference; lastKnownFileType = sourcecode.swift; path = HomeTabViewController.swift; sourceTree = "<group>"; };
		DBD22A9EB407D04BF941A535 /* Pods-YT Private Subscriptions.debug.xcconfig */ = {isa = PBXFileReference; includeInIndex = 1; lastKnownFileType = text.xcconfig; name = "Pods-YT Private Subscriptions.debug.xcconfig"; path = "Target Support Files/Pods-YT Private Subscriptions/Pods-YT Private Subscriptions.debug.xcconfig"; sourceTree = "<group>"; };
		EE77539F7325DD1D94057DA4 /* Pods-YT Private Subscriptions.release.xcconfig */ = {isa = PBXFileReference; includeInIndex = 1; lastKnownFileType = text.xcconfig; name = "Pods-YT Private Subscriptions.release.xcconfig"; path = "Target Support Files/Pods-YT Private Subscriptions/Pods-YT Private Subscriptions.release.xcconfig"; sourceTree = "<group>"; };
/* End PBXFileReference section */

/* Begin PBXFrameworksBuildPhase section */
		2086D69926340CBD00F98E4A /* Frameworks */ = {
			isa = PBXFrameworksBuildPhase;
			buildActionMask = 2147483647;
			files = (
				F3059687AF4B326FC77D00F3 /* Pods_YT_Private_Subscriptions.framework in Frameworks */,
			);
			runOnlyForDeploymentPostprocessing = 0;
		};
/* End PBXFrameworksBuildPhase section */

/* Begin PBXGroup section */
		2086D69326340CBD00F98E4A = {
			isa = PBXGroup;
			children = (
				2086D69E26340CBD00F98E4A /* YT Private Subscriptions */,
				2086D69D26340CBD00F98E4A /* Products */,
				8A1147533C236ECDBFDA7509 /* Pods */,
				22F2A0C9DBCFEA166F4177A2 /* Frameworks */,
			);
			sourceTree = "<group>";
		};
		2086D69D26340CBD00F98E4A /* Products */ = {
			isa = PBXGroup;
			children = (
				2086D69C26340CBD00F98E4A /* YT Private Subscriptions.app */,
			);
			name = Products;
			sourceTree = "<group>";
		};
		2086D69E26340CBD00F98E4A /* YT Private Subscriptions */ = {
			isa = PBXGroup;
			children = (
				2086D69F26340CBD00F98E4A /* AppDelegate.swift */,
				2086D6A126340CBD00F98E4A /* SceneDelegate.swift */,
				2086D6A526340CBD00F98E4A /* Main.storyboard */,
				2086D6A826340CBF00F98E4A /* Assets.xcassets */,
				2086D6AA26340CBF00F98E4A /* LaunchScreen.storyboard */,
				2086D6AD26340CBF00F98E4A /* Info.plist */,
				20C06BC526342A3200EC7BCE /* ExploreViewController.swift */,
				20C06BC826342EF100EC7BCE /* SubscriptionsViewController.swift */,
				20C06BCB263433FE00EC7BCE /* HomeTabViewController.swift */,
			);
			path = "YT Private Subscriptions";
			sourceTree = "<group>";
		};
		22F2A0C9DBCFEA166F4177A2 /* Frameworks */ = {
			isa = PBXGroup;
			children = (
				048E7AE56905C6E0798DCE9D /* Pods_YT_Private_Subscriptions.framework */,
			);
			name = Frameworks;
			sourceTree = "<group>";
		};
		8A1147533C236ECDBFDA7509 /* Pods */ = {
			isa = PBXGroup;
			children = (
				DBD22A9EB407D04BF941A535 /* Pods-YT Private Subscriptions.debug.xcconfig */,
				EE77539F7325DD1D94057DA4 /* Pods-YT Private Subscriptions.release.xcconfig */,
			);
			path = Pods;
			sourceTree = "<group>";
		};
/* End PBXGroup section */

/* Begin PBXNativeTarget section */
		2086D69B26340CBD00F98E4A /* YT Private Subscriptions */ = {
			isa = PBXNativeTarget;
			buildConfigurationList = 2086D6B026340CBF00F98E4A /* Build configuration list for PBXNativeTarget "YT Private Subscriptions" */;
			buildPhases = (
				3A02745E725502351A1DC563 /* [CP] Check Pods Manifest.lock */,
				2086D69826340CBD00F98E4A /* Sources */,
				2086D69926340CBD00F98E4A /* Frameworks */,
				2086D69A26340CBD00F98E4A /* Resources */,
				3C6CCC8B300D886C0FA2398A /* [CP] Embed Pods Frameworks */,
			);
			buildRules = (
			);
			dependencies = (
			);
			name = "YT Private Subscriptions";
			productName = "YT Private Subscriptions";
			productReference = 2086D69C26340CBD00F98E4A /* YT Private Subscriptions.app */;
			productType = "com.apple.product-type.application";
		};
/* End PBXNativeTarget section */

/* Begin PBXProject section */
		2086D69426340CBD00F98E4A /* Project object */ = {
			isa = PBXProject;
			attributes = {
				LastSwiftUpdateCheck = 1240;
				LastUpgradeCheck = 1240;
				TargetAttributes = {
					2086D69B26340CBD00F98E4A = {
						CreatedOnToolsVersion = 12.4;
					};
				};
			};
			buildConfigurationList = 2086D69726340CBD00F98E4A /* Build configuration list for PBXProject "YT Private Subscriptions" */;
			compatibilityVersion = "Xcode 9.3";
			developmentRegion = en;
			hasScannedForEncodings = 0;
			knownRegions = (
				en,
				Base,
			);
			mainGroup = 2086D69326340CBD00F98E4A;
			productRefGroup = 2086D69D26340CBD00F98E4A /* Products */;
			projectDirPath = "";
			projectRoot = "";
			targets = (
				2086D69B26340CBD00F98E4A /* YT Private Subscriptions */,
			);
		};
/* End PBXProject section */

/* Begin PBXResourcesBuildPhase section */
		2086D69A26340CBD00F98E4A /* Resources */ = {
			isa = PBXResourcesBuildPhase;
			buildActionMask = 2147483647;
			files = (
				2086D6AC26340CBF00F98E4A /* LaunchScreen.storyboard in Resources */,
				2086D6A926340CBF00F98E4A /* Assets.xcassets in Resources */,
				2086D6A726340CBD00F98E4A /* Main.storyboard in Resources */,
			);
			runOnlyForDeploymentPostprocessing = 0;
		};
/* End PBXResourcesBuildPhase section */

/* Begin PBXShellScriptBuildPhase section */
		3A02745E725502351A1DC563 /* [CP] Check Pods Manifest.lock */ = {
			isa = PBXShellScriptBuildPhase;
			buildActionMask = 2147483647;
			files = (
			);
			inputFileListPaths = (
			);
			inputPaths = (
				"${PODS_PODFILE_DIR_PATH}/Podfile.lock",
				"${PODS_ROOT}/Manifest.lock",
			);
			name = "[CP] Check Pods Manifest.lock";
			outputFileListPaths = (
			);
			outputPaths = (
				"$(DERIVED_FILE_DIR)/Pods-YT Private Subscriptions-checkManifestLockResult.txt",
			);
			runOnlyForDeploymentPostprocessing = 0;
			shellPath = /bin/sh;
			shellScript = "diff \"${PODS_PODFILE_DIR_PATH}/Podfile.lock\" \"${PODS_ROOT}/Manifest.lock\" > /dev/null\nif [ $? != 0 ] ; then\n    # print error to STDERR\n    echo \"error: The sandbox is not in sync with the Podfile.lock. Run 'pod install' or update your CocoaPods installation.\" >&2\n    exit 1\nfi\n# This output is used by Xcode 'outputs' to avoid re-running this script phase.\necho \"SUCCESS\" > \"${SCRIPT_OUTPUT_FILE_0}\"\n";
			showEnvVarsInLog = 0;
		};
		3C6CCC8B300D886C0FA2398A /* [CP] Embed Pods Frameworks */ = {
			isa = PBXShellScriptBuildPhase;
			buildActionMask = 2147483647;
			files = (
			);
			inputFileListPaths = (
				"${PODS_ROOT}/Target Support Files/Pods-YT Private Subscriptions/Pods-YT Private Subscriptions-frameworks-${CONFIGURATION}-input-files.xcfilelist",
			);
			name = "[CP] Embed Pods Frameworks";
			outputFileListPaths = (
				"${PODS_ROOT}/Target Support Files/Pods-YT Private Subscriptions/Pods-YT Private Subscriptions-frameworks-${CONFIGURATION}-output-files.xcfilelist",
			);
			runOnlyForDeploymentPostprocessing = 0;
			shellPath = /bin/sh;
			shellScript = "\"${PODS_ROOT}/Target Support Files/Pods-YT Private Subscriptions/Pods-YT Private Subscriptions-frameworks.sh\"\n";
			showEnvVarsInLog = 0;
		};
/* End PBXShellScriptBuildPhase section */

/* Begin PBXSourcesBuildPhase section */
		2086D69826340CBD00F98E4A /* Sources */ = {
			isa = PBXSourcesBuildPhase;
			buildActionMask = 2147483647;
			files = (
				2086D6A026340CBD00F98E4A /* AppDelegate.swift in Sources */,
				20C06BC926342EF100EC7BCE /* SubscriptionsViewController.swift in Sources */,
				2086D6A226340CBD00F98E4A /* SceneDelegate.swift in Sources */,
				20C06BC626342A3200EC7BCE /* ExploreViewController.swift in Sources */,
				20C06BCC263433FE00EC7BCE /* HomeTabViewController.swift in Sources */,
			);
			runOnlyForDeploymentPostprocessing = 0;
		};
/* End PBXSourcesBuildPhase section */

/* Begin PBXVariantGroup section */
		2086D6A526340CBD00F98E4A /* Main.storyboard */ = {
			isa = PBXVariantGroup;
			children = (
				2086D6A626340CBD00F98E4A /* Base */,
			);
			name = Main.storyboard;
			sourceTree = "<group>";
		};
		2086D6AA26340CBF00F98E4A /* LaunchScreen.storyboard */ = {
			isa = PBXVariantGroup;
			children = (
				2086D6AB26340CBF00F98E4A /* Base */,
			);
			name = LaunchScreen.storyboard;
			sourceTree = "<group>";
		};
/* End PBXVariantGroup section */

/* Begin XCBuildConfiguration section */
		2086D6AE26340CBF00F98E4A /* Debug */ = {
			isa = XCBuildConfiguration;
			buildSettings = {
				ALWAYS_SEARCH_USER_PATHS = NO;
				CLANG_ANALYZER_NONNULL = YES;
				CLANG_ANALYZER_NUMBER_OBJECT_CONVERSION = YES_AGGRESSIVE;
				CLANG_CXX_LANGUAGE_STANDARD = "gnu++14";
				CLANG_CXX_LIBRARY = "libc++";
				CLANG_ENABLE_MODULES = YES;
				CLANG_ENABLE_OBJC_ARC = YES;
				CLANG_ENABLE_OBJC_WEAK = YES;
				CLANG_WARN_BLOCK_CAPTURE_AUTORELEASING = YES;
				CLANG_WARN_BOOL_CONVERSION = YES;
				CLANG_WARN_COMMA = YES;
				CLANG_WARN_CONSTANT_CONVERSION = YES;
				CLANG_WARN_DEPRECATED_OBJC_IMPLEMENTATIONS = YES;
				CLANG_WARN_DIRECT_OBJC_ISA_USAGE = YES_ERROR;
				CLANG_WARN_DOCUMENTATION_COMMENTS = YES;
				CLANG_WARN_EMPTY_BODY = YES;
				CLANG_WARN_ENUM_CONVERSION = YES;
				CLANG_WARN_INFINITE_RECURSION = YES;
				CLANG_WARN_INT_CONVERSION = YES;
				CLANG_WARN_NON_LITERAL_NULL_CONVERSION = YES;
				CLANG_WARN_OBJC_IMPLICIT_RETAIN_SELF = YES;
				CLANG_WARN_OBJC_LITERAL_CONVERSION = YES;
				CLANG_WARN_OBJC_ROOT_CLASS = YES_ERROR;
				CLANG_WARN_QUOTED_INCLUDE_IN_FRAMEWORK_HEADER = YES;
				CLANG_WARN_RANGE_LOOP_ANALYSIS = YES;
				CLANG_WARN_STRICT_PROTOTYPES = YES;
				CLANG_WARN_SUSPICIOUS_MOVE = YES;
				CLANG_WARN_UNGUARDED_AVAILABILITY = YES_AGGRESSIVE;
				CLANG_WARN_UNREACHABLE_CODE = YES;
				CLANG_WARN__DUPLICATE_METHOD_MATCH = YES;
				COPY_PHASE_STRIP = NO;
				DEBUG_INFORMATION_FORMAT = dwarf;
				ENABLE_STRICT_OBJC_MSGSEND = YES;
				ENABLE_TESTABILITY = YES;
				GCC_C_LANGUAGE_STANDARD = gnu11;
				GCC_DYNAMIC_NO_PIC = NO;
				GCC_NO_COMMON_BLOCKS = YES;
				GCC_OPTIMIZATION_LEVEL = 0;
				GCC_PREPROCESSOR_DEFINITIONS = (
					"DEBUG=1",
					"$(inherited)",
				);
				GCC_WARN_64_TO_32_BIT_CONVERSION = YES;
				GCC_WARN_ABOUT_RETURN_TYPE = YES_ERROR;
				GCC_WARN_UNDECLARED_SELECTOR = YES;
				GCC_WARN_UNINITIALIZED_AUTOS = YES_AGGRESSIVE;
				GCC_WARN_UNUSED_FUNCTION = YES;
				GCC_WARN_UNUSED_VARIABLE = YES;
				IPHONEOS_DEPLOYMENT_TARGET = 14.4;
				MTL_ENABLE_DEBUG_INFO = INCLUDE_SOURCE;
				MTL_FAST_MATH = YES;
				ONLY_ACTIVE_ARCH = YES;
				SDKROOT = iphoneos;
				SWIFT_ACTIVE_COMPILATION_CONDITIONS = DEBUG;
				SWIFT_OPTIMIZATION_LEVEL = "-Onone";
			};
			name = Debug;
		};
		2086D6AF26340CBF00F98E4A /* Release */ = {
			isa = XCBuildConfiguration;
			buildSettings = {
				ALWAYS_SEARCH_USER_PATHS = NO;
				CLANG_ANALYZER_NONNULL = YES;
				CLANG_ANALYZER_NUMBER_OBJECT_CONVERSION = YES_AGGRESSIVE;
				CLANG_CXX_LANGUAGE_STANDARD = "gnu++14";
				CLANG_CXX_LIBRARY = "libc++";
				CLANG_ENABLE_MODULES = YES;
				CLANG_ENABLE_OBJC_ARC = YES;
				CLANG_ENABLE_OBJC_WEAK = YES;
				CLANG_WARN_BLOCK_CAPTURE_AUTORELEASING = YES;
				CLANG_WARN_BOOL_CONVERSION = YES;
				CLANG_WARN_COMMA = YES;
				CLANG_WARN_CONSTANT_CONVERSION = YES;
				CLANG_WARN_DEPRECATED_OBJC_IMPLEMENTATIONS = YES;
				CLANG_WARN_DIRECT_OBJC_ISA_USAGE = YES_ERROR;
				CLANG_WARN_DOCUMENTATION_COMMENTS = YES;
				CLANG_WARN_EMPTY_BODY = YES;
				CLANG_WARN_ENUM_CONVERSION = YES;
				CLANG_WARN_INFINITE_RECURSION = YES;
				CLANG_WARN_INT_CONVERSION = YES;
				CLANG_WARN_NON_LITERAL_NULL_CONVERSION = YES;
				CLANG_WARN_OBJC_IMPLICIT_RETAIN_SELF = YES;
				CLANG_WARN_OBJC_LITERAL_CONVERSION = YES;
				CLANG_WARN_OBJC_ROOT_CLASS = YES_ERROR;
				CLANG_WARN_QUOTED_INCLUDE_IN_FRAMEWORK_HEADER = YES;
				CLANG_WARN_RANGE_LOOP_ANALYSIS = YES;
				CLANG_WARN_STRICT_PROTOTYPES = YES;
				CLANG_WARN_SUSPICIOUS_MOVE = YES;
				CLANG_WARN_UNGUARDED_AVAILABILITY = YES_AGGRESSIVE;
				CLANG_WARN_UNREACHABLE_CODE = YES;
				CLANG_WARN__DUPLICATE_METHOD_MATCH = YES;
				COPY_PHASE_STRIP = NO;
				DEBUG_INFORMATION_FORMAT = "dwarf-with-dsym";
				ENABLE_NS_ASSERTIONS = NO;
				ENABLE_STRICT_OBJC_MSGSEND = YES;
				GCC_C_LANGUAGE_STANDARD = gnu11;
				GCC_NO_COMMON_BLOCKS = YES;
				GCC_WARN_64_TO_32_BIT_CONVERSION = YES;
				GCC_WARN_ABOUT_RETURN_TYPE = YES_ERROR;
				GCC_WARN_UNDECLARED_SELECTOR = YES;
				GCC_WARN_UNINITIALIZED_AUTOS = YES_AGGRESSIVE;
				GCC_WARN_UNUSED_FUNCTION = YES;
				GCC_WARN_UNUSED_VARIABLE = YES;
				IPHONEOS_DEPLOYMENT_TARGET = 14.4;
				MTL_ENABLE_DEBUG_INFO = NO;
				MTL_FAST_MATH = YES;
				SDKROOT = iphoneos;
				SWIFT_COMPILATION_MODE = wholemodule;
				SWIFT_OPTIMIZATION_LEVEL = "-O";
				VALIDATE_PRODUCT = YES;
			};
			name = Release;
		};
		2086D6B126340CBF00F98E4A /* Debug */ = {
			isa = XCBuildConfiguration;
			baseConfigurationReference = DBD22A9EB407D04BF941A535 /* Pods-YT Private Subscriptions.debug.xcconfig */;
			buildSettings = {
				ASSETCATALOG_COMPILER_APPICON_NAME = AppIcon;
				ASSETCATALOG_COMPILER_GLOBAL_ACCENT_COLOR_NAME = AccentColor;
				CODE_SIGN_STYLE = Automatic;
				DEVELOPMENT_TEAM = DXSRK6567B;
				INFOPLIST_FILE = "YT Private Subscriptions/Info.plist";
				LD_RUNPATH_SEARCH_PATHS = (
					"$(inherited)",
					"@executable_path/Frameworks",
				);
				PRODUCT_BUNDLE_IDENTIFIER = "com.goharsha.YT-Private-Subscriptions";
				PRODUCT_NAME = "$(TARGET_NAME)";
				SWIFT_VERSION = 5.0;
				TARGETED_DEVICE_FAMILY = "1,2";
			};
			name = Debug;
		};
		2086D6B226340CBF00F98E4A /* Release */ = {
			isa = XCBuildConfiguration;
			baseConfigurationReference = EE77539F7325DD1D94057DA4 /* Pods-YT Private Subscriptions.release.xcconfig */;
			buildSettings = {
				ASSETCATALOG_COMPILER_APPICON_NAME = AppIcon;
				ASSETCATALOG_COMPILER_GLOBAL_ACCENT_COLOR_NAME = AccentColor;
				CODE_SIGN_STYLE = Automatic;
				DEVELOPMENT_TEAM = DXSRK6567B;
				INFOPLIST_FILE = "YT Private Subscriptions/Info.plist";
				LD_RUNPATH_SEARCH_PATHS = (
					"$(inherited)",
					"@executable_path/Frameworks",
				);
				PRODUCT_BUNDLE_IDENTIFIER = "com.goharsha.YT-Private-Subscriptions";
				PRODUCT_NAME = "$(TARGET_NAME)";
				SWIFT_VERSION = 5.0;
				TARGETED_DEVICE_FAMILY = "1,2";
			};
			name = Release;
		};
/* End XCBuildConfiguration section */

/* Begin XCConfigurationList section */
		2086D69726340CBD00F98E4A /* Build configuration list for PBXProject "YT Private Subscriptions" */ = {
			isa = XCConfigurationList;
			buildConfigurations = (
				2086D6AE26340CBF00F98E4A /* Debug */,
				2086D6AF26340CBF00F98E4A /* Release */,
			);
			defaultConfigurationIsVisible = 0;
			defaultConfigurationName = Release;
		};
		2086D6B026340CBF00F98E4A /* Build configuration list for PBXNativeTarget "YT Private Subscriptions" */ = {
			isa = XCConfigurationList;
			buildConfigurations = (
				2086D6B126340CBF00F98E4A /* Debug */,
				2086D6B226340CBF00F98E4A /* Release */,
			);
			defaultConfigurationIsVisible = 0;
			defaultConfigurationName = Release;
		};
/* End XCConfigurationList section */
	};
	rootObject = 2086D69426340CBD00F98E4A /* Project object */;
}
